PODS:
  - ScrollableSegmentedControl (1.3.0)
  - SDWebImage (4.3.3):
    - SDWebImage/Core (= 4.3.3)
  - SDWebImage/Core (4.3.3)
  - SVProgressHUD (2.2.5)

DEPENDENCIES:
  - ScrollableSegmentedControl (~> 1.3.0)
  - SDWebImage (~> 4.0)
  - SVProgressHUD

SPEC REPOS:
  https://github.com/CocoaPods/Specs.git:
    - ScrollableSegmentedControl
    - SDWebImage
  trunk:
    - SVProgressHUD

SPEC CHECKSUMS:
  ScrollableSegmentedControl: a90ae91537fd670a46b177301d035223e3bd149e
  SDWebImage: de4d90b5bff3571eae7bd16202b1f43135409fa5
  SVProgressHUD: 1428aafac632c1f86f62aa4243ec12008d7a51d6

PODFILE CHECKSUM: fde6c47ab3d7d627e0181561d78aa6514084e710

COCOAPODS: 1.10.0
